
Microsoft Visual Studio Solution File, Format Version 12.00
# Visual Studio Version 16
VisualStudioVersion = 16.0.29911.84
MinimumVisualStudioVersion = 10.0.40219.1
Project("{FAE04EC0-301F-11D3-BF4B-00C04F79EFBC}") = "WebApiExcepitonHandler", "WebApiExcepitonHandler\WebApiExcepitonHandler.csproj", "{45333EA0-9269-4C01-8EC1-7035E05CAA7B}"
EndProject
Project("{FAE04EC0-301F-11D3-BF4B-00C04F79EFBC}") = "BearerTokenExample", "BearerTokenExample\BearerTokenExample.csproj", "{42C4419E-5B7B-4E8C-A5DC-FDBD5695BE08}"
EndProject
Global
	GlobalSection(SolutionConfigurationPlatforms) = preSolution
		Debug|Any CPU = Debug|Any CPU
		Release|Any CPU = Release|Any CPU
	EndGlobalSection
	GlobalSection(ProjectConfigurationPlatforms) = postSolution
		{45333EA0-9269-4C01-8EC1-7035E05CAA7B}.Debug|Any CPU.ActiveCfg = Debug|Any CPU
		{45333EA0-9269-4C01-8EC1-7035E05CAA7B}.Debug|Any CPU.Build.0 = Debug|Any CPU
		{45333EA0-9269-4C01-8EC1-7035E05CAA7B}.Release|Any CPU.ActiveCfg = Release|Any CPU
		{45333EA0-9269-4C01-8EC1-7035E05CAA7B}.Release|Any CPU.Build.0 = Release|Any CPU
		{42C4419E-5B7B-4E8C-A5DC-FDBD5695BE08}.Debug|Any CPU.ActiveCfg = Debug|Any CPU
		{42C4419E-5B7B-4E8C-A5DC-FDBD5695BE08}.Debug|Any CPU.Build.0 = Debug|Any CPU
		{42C4419E-5B7B-4E8C-A5DC-FDBD5695BE08}.Release|Any CPU.ActiveCfg = Release|Any CPU
		{42C4419E-5B7B-4E8C-A5DC-FDBD5695BE08}.Release|Any CPU.Build.0 = Release|Any CPU
	EndGlobalSection
	GlobalSection(SolutionProperties) = preSolution
		HideSolutionNode = FALSE
	EndGlobalSection
	GlobalSection(ExtensibilityGlobals) = postSolution
		SolutionGuid = {B0C15FA7-4D44-437F-8E80-89DEC3D268CA}
	EndGlobalSection
EndGlobal
